// !$*UTF8*$!
{
	archiveVersion = 1;
	classes = {
	};
	objectVersion = 48;
	objects = {

/* Begin PBXBuildFile section */
		E029B569E5B64C5324C7E589 /* Pods_MapLocation.framework in Frameworks */ = {isa = PBXBuildFile; fileRef = E895861FF84EFAC6F5BBEA71 /* Pods_MapLocation.framework */; };
		EE27EC6E2018589A00DBF465 /* MapCell.swift in Sources */ = {isa = PBXBuildFile; fileRef = EE27EC6D2018589A00DBF465 /* MapCell.swift */; };
		EEC520C6201848B9001A47A1 /* AppDelegate.swift in Sources */ = {isa = PBXBuildFile; fileRef = EEC520C5201848B9001A47A1 /* AppDelegate.swift */; };
		EEC520C8201848B9001A47A1 /* ViewController.swift in Sources */ = {isa = PBXBuildFile; fileRef = EEC520C7201848B9001A47A1 /* ViewController.swift */; };
		EEC520CB201848B9001A47A1 /* Main.storyboard in Resources */ = {isa = PBXBuildFile; fileRef = EEC520C9201848B9001A47A1 /* Main.storyboard */; };
		EEC520CD201848B9001A47A1 /* Assets.xcassets in Resources */ = {isa = PBXBuildFile; fileRef = EEC520CC201848B9001A47A1 /* Assets.xcassets */; };
		EEC520D0201848B9001A47A1 /* LaunchScreen.storyboard in Resources */ = {isa = PBXBuildFile; fileRef = EEC520CE201848B9001A47A1 /* LaunchScreen.storyboard */; };
/* End PBXBuildFile section */

/* Begin PBXFileReference section */
		5B609C67186937F5950F297A /* Pods-MapLocation.debug.xcconfig */ = {isa = PBXFileReference; includeInIndex = 1; lastKnownFileType = text.xcconfig; name = "Pods-MapLocation.debug.xcconfig"; path = "Pods/Target Support Files/Pods-MapLocation/Pods-MapLocation.debug.xcconfig"; sourceTree = "<group>"; };
		5E34882D2361436B4B656E37 /* Pods-MapLocation.release.xcconfig */ = {isa = PBXFileReference; includeInIndex = 1; lastKnownFileType = text.xcconfig; name = "Pods-MapLocation.release.xcconfig"; path = "Pods/Target Support Files/Pods-MapLocation/Pods-MapLocation.release.xcconfig"; sourceTree = "<group>"; };
		E895861FF84EFAC6F5BBEA71 /* Pods_MapLocation.framework */ = {isa = PBXFileReference; explicitFileType = wrapper.framework; includeInIndex = 0; path = Pods_MapLocation.framework; sourceTree = BUILT_PRODUCTS_DIR; };
		EE27EC6D2018589A00DBF465 /* MapCell.swift */ = {isa = PBXFileReference; lastKnownFileType = sourcecode.swift; path = MapCell.swift; sourceTree = "<group>"; };
		EEC520C2201848B9001A47A1 /* MapLocation.app */ = {isa = PBXFileReference; explicitFileType = wrapper.application; includeInIndex = 0; path = MapLocation.app; sourceTree = BUILT_PRODUCTS_DIR; };
		EEC520C5201848B9001A47A1 /* AppDelegate.swift */ = {isa = PBXFileReference; lastKnownFileType = sourcecode.swift; path = AppDelegate.swift; sourceTree = "<group>"; };
		EEC520C7201848B9001A47A1 /* ViewController.swift */ = {isa = PBXFileReference; lastKnownFileType = sourcecode.swift; path = ViewController.swift; sourceTree = "<group>"; };
		EEC520CA201848B9001A47A1 /* Base */ = {isa = PBXFileReference; lastKnownFileType = file.storyboard; name = Base; path = Base.lproj/Main.storyboard; sourceTree = "<group>"; };
		EEC520CC201848B9001A47A1 /* Assets.xcassets */ = {isa = PBXFileReference; lastKnownFileType = folder.assetcatalog; path = Assets.xcassets; sourceTree = "<group>"; };
		EEC520CF201848B9001A47A1 /* Base */ = {isa = PBXFileReference; lastKnownFileType = file.storyboard; name = Base; path = Base.lproj/LaunchScreen.storyboard; sourceTree = "<group>"; };
		EEC520D1201848B9001A47A1 /* Info.plist */ = {isa = PBXFileReference; lastKnownFileType = text.plist.xml; path = Info.plist; sourceTree = "<group>"; };
		EEC520D720184CC5001A47A1 /* MapLocation-Bridging-Header.h */ = {isa = PBXFileReference; lastKnownFileType = sourcecode.c.h; path = "MapLocation-Bridging-Header.h"; sourceTree = "<group>"; };
/* End PBXFileReference section */

/* Begin PBXFrameworksBuildPhase section */
		EEC520BF201848B9001A47A1 /* Frameworks */ = {
			isa = PBXFrameworksBuildPhase;
			buildActionMask = 2147483647;
			files = (
				E029B569E5B64C5324C7E589 /* Pods_MapLocation.framework in Frameworks */,
			);
			runOnlyForDeploymentPostprocessing = 0;
		};
/* End PBXFrameworksBuildPhase section */

/* Begin PBXGroup section */
		BFF4583DE1A93960097407F8 /* Pods */ = {
			isa = PBXGroup;
			children = (
				5B609C67186937F5950F297A /* Pods-MapLocation.debug.xcconfig */,
				5E34882D2361436B4B656E37 /* Pods-MapLocation.release.xcconfig */,
			);
			name = Pods;
			sourceTree = "<group>";
		};
		EEC520B9201848B9001A47A1 = {
			isa = PBXGroup;
			children = (
				EEC520C4201848B9001A47A1 /* MapLocation */,
				EEC520C3201848B9001A47A1 /* Products */,
				BFF4583DE1A93960097407F8 /* Pods */,
				F12419B7923E67C2752C639B /* Frameworks */,
			);
			sourceTree = "<group>";
		};
		EEC520C3201848B9001A47A1 /* Products */ = {
			isa = PBXGroup;
			children = (
				EEC520C2201848B9001A47A1 /* MapLocation.app */,
			);
			name = Products;
			sourceTree = "<group>";
		};
		EEC520C4201848B9001A47A1 /* MapLocation */ = {
			isa = PBXGroup;
			children = (
				EEC520C5201848B9001A47A1 /* AppDelegate.swift */,
				EEC520C7201848B9001A47A1 /* ViewController.swift */,
				EE27EC6D2018589A00DBF465 /* MapCell.swift */,
				EEC520C9201848B9001A47A1 /* Main.storyboard */,
				EEC520CC201848B9001A47A1 /* Assets.xcassets */,
				EEC520CE201848B9001A47A1 /* LaunchScreen.storyboard */,
				EEC520D1201848B9001A47A1 /* Info.plist */,
				EEC520D720184CC5001A47A1 /* MapLocation-Bridging-Header.h */,
			);
			path = MapLocation;
			sourceTree = "<group>";
		};
		F12419B7923E67C2752C639B /* Frameworks */ = {
			isa = PBXGroup;
			children = (
				E895861FF84EFAC6F5BBEA71 /* Pods_MapLocation.framework */,
			);
			name = Frameworks;
			sourceTree = "<group>";
		};
/* End PBXGroup section */

/* Begin PBXNativeTarget section */
		EEC520C1201848B9001A47A1 /* MapLocation */ = {
			isa = PBXNativeTarget;
			buildConfigurationList = EEC520D4201848B9001A47A1 /* Build configuration list for PBXNativeTarget "MapLocation" */;
			buildPhases = (
				F9A89A96716C748CCDD3B63B /* [CP] Check Pods Manifest.lock */,
				EEC520BE201848B9001A47A1 /* Sources */,
				EEC520BF201848B9001A47A1 /* Frameworks */,
				EEC520C0201848B9001A47A1 /* Resources */,
				C8EBB93D49DB58856EC0C4FF /* [CP] Embed Pods Frameworks */,
				037F805206AD2D0E7555A92E /* [CP] Copy Pods Resources */,
			);
			buildRules = (
			);
			dependencies = (
			);
			name = MapLocation;
			productName = MapLocation;
			productReference = EEC520C2201848B9001A47A1 /* MapLocation.app */;
			productType = "com.apple.product-type.application";
		};
/* End PBXNativeTarget section */

/* Begin PBXProject section */
		EEC520BA201848B9001A47A1 /* Project object */ = {
			isa = PBXProject;
			attributes = {
				LastSwiftUpdateCheck = 0920;
				LastUpgradeCheck = 0920;
				ORGANIZATIONNAME = "隐贞";
				TargetAttributes = {
					EEC520C1201848B9001A47A1 = {
						CreatedOnToolsVersion = 9.2;
						LastSwiftMigration = 0920;
						ProvisioningStyle = Automatic;
					};
				};
			};
			buildConfigurationList = EEC520BD201848B9001A47A1 /* Build configuration list for PBXProject "MapLocation" */;
			compatibilityVersion = "Xcode 8.0";
			developmentRegion = en;
			hasScannedForEncodings = 0;
			knownRegions = (
				en,
				Base,
			);
			mainGroup = EEC520B9201848B9001A47A1;
			productRefGroup = EEC520C3201848B9001A47A1 /* Products */;
			projectDirPath = "";
			projectRoot = "";
			targets = (
				EEC520C1201848B9001A47A1 /* MapLocation */,
			);
		};
/* End PBXProject section */

/* Begin PBXResourcesBuildPhase section */
		EEC520C0201848B9001A47A1 /* Resources */ = {
			isa = PBXResourcesBuildPhase;
			buildActionMask = 2147483647;
			files = (
				EEC520D0201848B9001A47A1 /* LaunchScreen.storyboard in Resources */,
				EEC520CD201848B9001A47A1 /* Assets.xcassets in Resources */,
				EEC520CB201848B9001A47A1 /* Main.storyboard in Resources */,
			);
			runOnlyForDeploymentPostprocessing = 0;
		};
/* End PBXResourcesBuildPhase section */

/* Begin PBXShellScriptBuildPhase section */
		037F805206AD2D0E7555A92E /* [CP] Copy Pods Resources */ = {
			isa = PBXShellScriptBuildPhase;
			buildActionMask = 2147483647;
			files = (
			);
			inputPaths = (
				"${SRCROOT}/Pods/Target Support Files/Pods-MapLocation/Pods-MapLocation-resources.sh",
				"${PODS_ROOT}/BaiduMapKit/BaiduMapKit/BaiduMapAPI_Map.framework/Resources/mapapi.bundle",
			);
			name = "[CP] Copy Pods Resources";
			outputPaths = (
				"${TARGET_BUILD_DIR}/${UNLOCALIZED_RESOURCES_FOLDER_PATH}",
			);
			runOnlyForDeploymentPostprocessing = 0;
			shellPath = /bin/sh;
			shellScript = "\"${SRCROOT}/Pods/Target Support Files/Pods-MapLocation/Pods-MapLocation-resources.sh\"\n";
			showEnvVarsInLog = 0;
		};
		C8EBB93D49DB58856EC0C4FF /* [CP] Embed Pods Frameworks */ = {
			isa = PBXShellScriptBuildPhase;
			buildActionMask = 2147483647;
			files = (
			);
			inputPaths = (
			);
			name = "[CP] Embed Pods Frameworks";
			outputPaths = (
			);
			runOnlyForDeploymentPostprocessing = 0;
			shellPath = /bin/sh;
			shellScript = "\"${SRCROOT}/Pods/Target Support Files/Pods-MapLocation/Pods-MapLocation-frameworks.sh\"\n";
			showEnvVarsInLog = 0;
		};
		F9A89A96716C748CCDD3B63B /* [CP] Check Pods Manifest.lock */ = {
			isa = PBXShellScriptBuildPhase;
			buildActionMask = 2147483647;
			files = (
			);
			inputPaths = (
				"${PODS_PODFILE_DIR_PATH}/Podfile.lock",
				"${PODS_ROOT}/Manifest.lock",
			);
			name = "[CP] Check Pods Manifest.lock";
			outputPaths = (
				"$(DERIVED_FILE_DIR)/Pods-MapLocation-checkManifestLockResult.txt",
			);
			runOnlyForDeploymentPostprocessing = 0;
			shellPath = /bin/sh;
			shellScript = "diff \"${PODS_PODFILE_DIR_PATH}/Podfile.lock\" \"${PODS_ROOT}/Manifest.lock\" > /dev/null\nif [ $? != 0 ] ; then\n    # print error to STDERR\n    echo \"error: The sandbox is not in sync with the Podfile.lock. Run 'pod install' or update your CocoaPods installation.\" >&2\n    exit 1\nfi\n# This output is used by Xcode 'outputs' to avoid re-running this script phase.\necho \"SUCCESS\" > \"${SCRIPT_OUTPUT_FILE_0}\"\n";
			showEnvVarsInLog = 0;
		};
/* End PBXShellScriptBuildPhase section */

/* Begin PBXSourcesBuildPhase section */
		EEC520BE201848B9001A47A1 /* Sources */ = {
			isa = PBXSourcesBuildPhase;
			buildActionMask = 2147483647;
			files = (
				EEC520C8201848B9001A47A1 /* ViewController.swift in Sources */,
				EEC520C6201848B9001A47A1 /* AppDelegate.swift in Sources */,
				EE27EC6E2018589A00DBF465 /* MapCell.swift in Sources */,
			);
			runOnlyForDeploymentPostprocessing = 0;
		};
/* End PBXSourcesBuildPhase section */

/* Begin PBXVariantGroup section */
		EEC520C9201848B9001A47A1 /* Main.storyboard */ = {
			isa = PBXVariantGroup;
			children = (
				EEC520CA201848B9001A47A1 /* Base */,
			);
			name = Main.storyboard;
			sourceTree = "<group>";
		};
		EEC520CE201848B9001A47A1 /* LaunchScreen.storyboard */ = {
			isa = PBXVariantGroup;
			children = (
				EEC520CF201848B9001A47A1 /* Base */,
			);
			name = LaunchScreen.storyboard;
			sourceTree = "<group>";
		};
/* End PBXVariantGroup section */

/* Begin XCBuildConfiguration section */
		EEC520D2201848B9001A47A1 /* Debug */ = {
			isa = XCBuildConfiguration;
			buildSettings = {
				ALWAYS_SEARCH_USER_PATHS = NO;
				CLANG_ANALYZER_NONNULL = YES;
				CLANG_ANALYZER_NUMBER_OBJECT_CONVERSION = YES_AGGRESSIVE;
				CLANG_CXX_LANGUAGE_STANDARD = "gnu++14";
				CLANG_CXX_LIBRARY = "libc++";
				CLANG_ENABLE_MODULES = YES;
				CLANG_ENABLE_OBJC_ARC = YES;
				CLANG_WARN_BLOCK_CAPTURE_AUTORELEASING = YES;
				CLANG_WARN_BOOL_CONVERSION = YES;
				CLANG_WARN_COMMA = YES;
				CLANG_WARN_CONSTANT_CONVERSION = YES;
				CLANG_WARN_DIRECT_OBJC_ISA_USAGE = YES_ERROR;
				CLANG_WARN_DOCUMENTATION_COMMENTS = YES;
				CLANG_WARN_EMPTY_BODY = YES;
				CLANG_WARN_ENUM_CONVERSION = YES;
				CLANG_WARN_INFINITE_RECURSION = YES;
				CLANG_WARN_INT_CONVERSION = YES;
				CLANG_WARN_NON_LITERAL_NULL_CONVERSION = YES;
				CLANG_WARN_OBJC_LITERAL_CONVERSION = YES;
				CLANG_WARN_OBJC_ROOT_CLASS = YES_ERROR;
				CLANG_WARN_RANGE_LOOP_ANALYSIS = YES;
				CLANG_WARN_STRICT_PROTOTYPES = YES;
				CLANG_WARN_SUSPICIOUS_MOVE = YES;
				CLANG_WARN_UNGUARDED_AVAILABILITY = YES_AGGRESSIVE;
				CLANG_WARN_UNREACHABLE_CODE = YES;
				CLANG_WARN__DUPLICATE_METHOD_MATCH = YES;
				CODE_SIGN_IDENTITY = "iPhone Developer";
				COPY_PHASE_STRIP = NO;
				DEBUG_INFORMATION_FORMAT = dwarf;
				ENABLE_STRICT_OBJC_MSGSEND = YES;
				ENABLE_TESTABILITY = YES;
				GCC_C_LANGUAGE_STANDARD = gnu11;
				GCC_DYNAMIC_NO_PIC = NO;
				GCC_NO_COMMON_BLOCKS = YES;
				GCC_OPTIMIZATION_LEVEL = 0;
				GCC_PREPROCESSOR_DEFINITIONS = (
					"DEBUG=1",
					"$(inherited)",
				);
				GCC_WARN_64_TO_32_BIT_CONVERSION = YES;
				GCC_WARN_ABOUT_RETURN_TYPE = YES_ERROR;
				GCC_WARN_UNDECLARED_SELECTOR = YES;
				GCC_WARN_UNINITIALIZED_AUTOS = YES_AGGRESSIVE;
				GCC_WARN_UNUSED_FUNCTION = YES;
				GCC_WARN_UNUSED_VARIABLE = YES;
				IPHONEOS_DEPLOYMENT_TARGET = 11.2;
				MTL_ENABLE_DEBUG_INFO = YES;
				ONLY_ACTIVE_ARCH = YES;
				SDKROOT = iphoneos;
				SWIFT_ACTIVE_COMPILATION_CONDITIONS = DEBUG;
				SWIFT_OPTIMIZATION_LEVEL = "-Onone";
			};
			name = Debug;
		};
		EEC520D3201848B9001A47A1 /* Release */ = {
			isa = XCBuildConfiguration;
			buildSettings = {
				ALWAYS_SEARCH_USER_PATHS = NO;
				CLANG_ANALYZER_NONNULL = YES;
				CLANG_ANALYZER_NUMBER_OBJECT_CONVERSION = YES_AGGRESSIVE;
				CLANG_CXX_LANGUAGE_STANDARD = "gnu++14";
				CLANG_CXX_LIBRARY = "libc++";
				CLANG_ENABLE_MODULES = YES;
				CLANG_ENABLE_OBJC_ARC = YES;
				CLANG_WARN_BLOCK_CAPTURE_AUTORELEASING = YES;
				CLANG_WARN_BOOL_CONVERSION = YES;
				CLANG_WARN_COMMA = YES;
				CLANG_WARN_CONSTANT_CONVERSION = YES;
				CLANG_WARN_DIRECT_OBJC_ISA_USAGE = YES_ERROR;
				CLANG_WARN_DOCUMENTATION_COMMENTS = YES;
				CLANG_WARN_EMPTY_BODY = YES;
				CLANG_WARN_ENUM_CONVERSION = YES;
				CLANG_WARN_INFINITE_RECURSION = YES;
				CLANG_WARN_INT_CONVERSION = YES;
				CLANG_WARN_NON_LITERAL_NULL_CONVERSION = YES;
				CLANG_WARN_OBJC_LITERAL_CONVERSION = YES;
				CLANG_WARN_OBJC_ROOT_CLASS = YES_ERROR;
				CLANG_WARN_RANGE_LOOP_ANALYSIS = YES;
				CLANG_WARN_STRICT_PROTOTYPES = YES;
				CLANG_WARN_SUSPICIOUS_MOVE = YES;
				CLANG_WARN_UNGUARDED_AVAILABILITY = YES_AGGRESSIVE;
				CLANG_WARN_UNREACHABLE_CODE = YES;
				CLANG_WARN__DUPLICATE_METHOD_MATCH = YES;
				CODE_SIGN_IDENTITY = "iPhone Developer";
				COPY_PHASE_STRIP = NO;
				DEBUG_INFORMATION_FORMAT = "dwarf-with-dsym";
				ENABLE_NS_ASSERTIONS = NO;
				ENABLE_STRICT_OBJC_MSGSEND = YES;
				GCC_C_LANGUAGE_STANDARD = gnu11;
				GCC_NO_COMMON_BLOCKS = YES;
				GCC_WARN_64_TO_32_BIT_CONVERSION = YES;
				GCC_WARN_ABOUT_RETURN_TYPE = YES_ERROR;
				GCC_WARN_UNDECLARED_SELECTOR = YES;
				GCC_WARN_UNINITIALIZED_AUTOS = YES_AGGRESSIVE;
				GCC_WARN_UNUSED_FUNCTION = YES;
				GCC_WARN_UNUSED_VARIABLE = YES;
				IPHONEOS_DEPLOYMENT_TARGET = 11.2;
				MTL_ENABLE_DEBUG_INFO = NO;
				SDKROOT = iphoneos;
				SWIFT_OPTIMIZATION_LEVEL = "-Owholemodule";
				VALIDATE_PRODUCT = YES;
			};
			name = Release;
		};
		EEC520D5201848B9001A47A1 /* Debug */ = {
			isa = XCBuildConfiguration;
			baseConfigurationReference = 5B609C67186937F5950F297A /* Pods-MapLocation.debug.xcconfig */;
			buildSettings = {
				ASSETCATALOG_COMPILER_APPICON_NAME = AppIcon;
				CLANG_ENABLE_MODULES = YES;
				CODE_SIGN_STYLE = Automatic;
				DEVELOPMENT_TEAM = 8UDAFL9L98;
				INFOPLIST_FILE = MapLocation/Info.plist;
				IPHONEOS_DEPLOYMENT_TARGET = 9.0;
				LD_RUNPATH_SEARCH_PATHS = "$(inherited) @executable_path/Frameworks";
				PRODUCT_BUNDLE_IDENTIFIER = tech.yinzhen.MapLocation;
				PRODUCT_NAME = "$(TARGET_NAME)";
				SWIFT_OBJC_BRIDGING_HEADER = "MapLocation/MapLocation-Bridging-Header.h";
				SWIFT_OPTIMIZATION_LEVEL = "-Onone";
				SWIFT_VERSION = 4.0;
				TARGETED_DEVICE_FAMILY = "1,2";
			};
			name = Debug;
		};
		EEC520D6201848B9001A47A1 /* Release */ = {
			isa = XCBuildConfiguration;
			baseConfigurationReference = 5E34882D2361436B4B656E37 /* Pods-MapLocation.release.xcconfig */;
			buildSettings = {
				ASSETCATALOG_COMPILER_APPICON_NAME = AppIcon;
				CLANG_ENABLE_MODULES = YES;
				CODE_SIGN_STYLE = Automatic;
				DEVELOPMENT_TEAM = 8UDAFL9L98;
				INFOPLIST_FILE = MapLocation/Info.plist;
				IPHONEOS_DEPLOYMENT_TARGET = 9.0;
				LD_RUNPATH_SEARCH_PATHS = "$(inherited) @executable_path/Frameworks";
				PRODUCT_BUNDLE_IDENTIFIER = tech.yinzhen.MapLocation;
				PRODUCT_NAME = "$(TARGET_NAME)";
				SWIFT_OBJC_BRIDGING_HEADER = "MapLocation/MapLocation-Bridging-Header.h";
				SWIFT_VERSION = 4.0;
				TARGETED_DEVICE_FAMILY = "1,2";
			};
			name = Release;
		};
/* End XCBuildConfiguration section */

/* Begin XCConfigurationList section */
		EEC520BD201848B9001A47A1 /* Build configuration list for PBXProject "MapLocation" */ = {
			isa = XCConfigurationList;
			buildConfigurations = (
				EEC520D2201848B9001A47A1 /* Debug */,
				EEC520D3201848B9001A47A1 /* Release */,
			);
			defaultConfigurationIsVisible = 0;
			defaultConfigurationName = Release;
		};
		EEC520D4201848B9001A47A1 /* Build configuration list for PBXNativeTarget "MapLocation" */ = {
			isa = XCConfigurationList;
			buildConfigurations = (
				EEC520D5201848B9001A47A1 /* Debug */,
				EEC520D6201848B9001A47A1 /* Release */,
			);
			defaultConfigurationIsVisible = 0;
			defaultConfigurationName = Release;
		};
/* End XCConfigurationList section */
	};
	rootObject = EEC520BA201848B9001A47A1 /* Project object */;
}
